
Microsoft Visual Studio Solution File, Format Version 12.00
# Visual Studio Version 16
VisualStudioVersion = 16.0.29503.13
MinimumVisualStudioVersion = 10.0.40219.1
Project("{FAE04EC0-301F-11D3-BF4B-00C04F79EFBC}") = "Launcher", "Launcher\Launcher.csproj", "{6AA6878B-48DA-44FE-B764-7259363BFE58}"
EndProject
Project("{FAE04EC0-301F-11D3-BF4B-00C04F79EFBC}") = "Launcher AUTH", "Launcher AUTH\Launcher AUTH.csproj", "{17929E43-FEE0-4DB0-BF45-1A73820A27A3}"
EndProject
Project("{FAE04EC0-301F-11D3-BF4B-00C04F79EFBC}") = "Liblauncher", "liblauncher\Liblauncher.csproj", "{0635B290-1536-4489-A1E6-DCBA24784D1A}"
EndProject
Global
	GlobalSection(SolutionConfigurationPlatforms) = preSolution
		Debug|Any CPU = Debug|Any CPU
		Release|Any CPU = Release|Any CPU
	EndGlobalSection
	GlobalSection(ProjectConfigurationPlatforms) = postSolution
		{6AA6878B-48DA-44FE-B764-7259363BFE58}.Debug|Any CPU.ActiveCfg = Debug|Any CPU
		{6AA6878B-48DA-44FE-B764-7259363BFE58}.Debug|Any CPU.Build.0 = Debug|Any CPU
		{6AA6878B-48DA-44FE-B764-7259363BFE58}.Release|Any CPU.ActiveCfg = Release|Any CPU
		{6AA6878B-48DA-44FE-B764-7259363BFE58}.Release|Any CPU.Build.0 = Release|Any CPU
		{17929E43-FEE0-4DB0-BF45-1A73820A27A3}.Debug|Any CPU.ActiveCfg = Debug|Any CPU
		{17929E43-FEE0-4DB0-BF45-1A73820A27A3}.Debug|Any CPU.Build.0 = Debug|Any CPU
		{17929E43-FEE0-4DB0-BF45-1A73820A27A3}.Release|Any CPU.ActiveCfg = Release|Any CPU
		{17929E43-FEE0-4DB0-BF45-1A73820A27A3}.Release|Any CPU.Build.0 = Release|Any CPU
		{0635B290-1536-4489-A1E6-DCBA24784D1A}.Debug|Any CPU.ActiveCfg = Debug|Any CPU
		{0635B290-1536-4489-A1E6-DCBA24784D1A}.Debug|Any CPU.Build.0 = Debug|Any CPU
		{0635B290-1536-4489-A1E6-DCBA24784D1A}.Release|Any CPU.ActiveCfg = Release|Any CPU
		{0635B290-1536-4489-A1E6-DCBA24784D1A}.Release|Any CPU.Build.0 = Release|Any CPU
	EndGlobalSection
	GlobalSection(SolutionProperties) = preSolution
		HideSolutionNode = FALSE
	EndGlobalSection
	GlobalSection(ExtensibilityGlobals) = postSolution
		SolutionGuid = {EEBA7E38-77D4-483F-AA06-D92FC5C39276}
	EndGlobalSection
EndGlobal
